# THIS IS AN AUTOGENERATED FILE. DO NOT EDIT THIS FILE DIRECTLY.
# yarn lockfile v1


"@redocly/cli@^2.34.0":
  version "2.34.0"
  resolved "https://registry.yarnpkg.com/@redocly/cli/-/cli-2.34.0.tgz#a7bfb6c6904ff613e8d93776b4974bdc4f58587e"
  integrity sha512-wlEy03fyf+xrEatHbSSLFGP7T8slYwyJHO6xooArvUOntiGRMPuTGivaSPhxx+f2bFhe69zDDzDy51+CsvJ/zw==
